
Microsoft Visual Studio Solution File, Format Version 12.00
# Visual Studio 15
VisualStudioVersion = 15.0.28307.1082
MinimumVisualStudioVersion = 10.0.40219.1
Project("{8BC9CEB8-8B4A-11D0-8D11-00A0C91BC942}") = "bmp_to_cbt", "bmp_to_cbt\bmp_to_cbt.vcxproj", "{8D982ABB-6D54-4DF9-AB00-0E4435292992}"
EndProject
Global
	GlobalSection(SolutionConfigurationPlatforms) = preSolution
		Debug|x64 = Debug|x64
		Debug|x86 = Debug|x86
		Release|x64 = Release|x64
		Release|x86 = Release|x86
	EndGlobalSection
	GlobalSection(ProjectConfigurationPlatforms) = postSolution
		{8D982ABB-6D54-4DF9-AB00-0E4435292992}.Debug|x64.ActiveCfg = Debug|x64
		{8D982ABB-6D54-4DF9-AB00-0E4435292992}.Debug|x64.Build.0 = Debug|x64
		{8D982ABB-6D54-4DF9-AB00-0E4435292992}.Debug|x86.ActiveCfg = Debug|Win32
		{8D982ABB-6D54-4DF9-AB00-0E4435292992}.Debug|x86.Build.0 = Debug|Win32
		{8D982ABB-6D54-4DF9-AB00-0E4435292992}.Release|x64.ActiveCfg = Release|x64
		{8D982ABB-6D54-4DF9-AB00-0E4435292992}.Release|x64.Build.0 = Release|x64
		{8D982ABB-6D54-4DF9-AB00-0E4435292992}.Release|x86.ActiveCfg = Release|Win32
		{8D982ABB-6D54-4DF9-AB00-0E4435292992}.Release|x86.Build.0 = Release|Win32
	EndGlobalSection
	GlobalSection(SolutionProperties) = preSolution
		HideSolutionNode = FALSE
	EndGlobalSection
	GlobalSection(ExtensibilityGlobals) = postSolution
		SolutionGuid = {86AF50F3-515A-4584-82F3-65E8FEBF4060}
	EndGlobalSection
EndGlobal
