
Microsoft Visual Studio Solution File, Format Version 12.00
# Visual Studio 15
VisualStudioVersion = 15.0.28307.1082
MinimumVisualStudioVersion = 10.0.40219.1
Project("{8BC9CEB8-8B4A-11D0-8D11-00A0C91BC942}") = "big_texas_game", "big_texas_game\big_texas_game.vcxproj", "{441E90FD-0D4F-418D-9CEB-525B7CA107BE}"
EndProject
Global
	GlobalSection(SolutionConfigurationPlatforms) = preSolution
		Debug|x64 = Debug|x64
		Debug|x86 = Debug|x86
		Release|x64 = Release|x64
		Release|x86 = Release|x86
	EndGlobalSection
	GlobalSection(ProjectConfigurationPlatforms) = postSolution
		{441E90FD-0D4F-418D-9CEB-525B7CA107BE}.Debug|x64.ActiveCfg = Debug|x64
		{441E90FD-0D4F-418D-9CEB-525B7CA107BE}.Debug|x64.Build.0 = Debug|x64
		{441E90FD-0D4F-418D-9CEB-525B7CA107BE}.Debug|x86.ActiveCfg = Debug|Win32
		{441E90FD-0D4F-418D-9CEB-525B7CA107BE}.Debug|x86.Build.0 = Debug|Win32
		{441E90FD-0D4F-418D-9CEB-525B7CA107BE}.Release|x64.ActiveCfg = Release|x64
		{441E90FD-0D4F-418D-9CEB-525B7CA107BE}.Release|x64.Build.0 = Release|x64
		{441E90FD-0D4F-418D-9CEB-525B7CA107BE}.Release|x86.ActiveCfg = Release|Win32
		{441E90FD-0D4F-418D-9CEB-525B7CA107BE}.Release|x86.Build.0 = Release|Win32
	EndGlobalSection
	GlobalSection(SolutionProperties) = preSolution
		HideSolutionNode = FALSE
	EndGlobalSection
	GlobalSection(ExtensibilityGlobals) = postSolution
		SolutionGuid = {95F6FA56-A25C-48BD-8CAE-9DD17E728307}
	EndGlobalSection
EndGlobal
