<?xml version="1.0" encoding="utf-8"?>
<Project ToolsVersion="4.0" xmlns="http://schemas.microsoft.com/developer/msbuild/2003">
  <ItemGroup>
    <Filter Include="Source Files">
      <UniqueIdentifier>{4FC737F1-C7A5-4376-A066-2A32D752A2FF}</UniqueIdentifier>
      <Extensions>cpp;c;cc;cxx;def;odl;idl;hpj;bat;asm;asmx</Extensions>
    </Filter>
    <Filter Include="Header Files">
      <UniqueIdentifier>{93995380-89BD-4b04-88EB-625FBE52EBFB}</UniqueIdentifier>
      <Extensions>h;hh;hpp;hxx;hm;inl;inc;ipp;xsd</Extensions>
    </Filter>
    <Filter Include="Resource Files">
      <UniqueIdentifier>{67DA6AB6-F800-4c08-8B7A-83BB121AAD01}</UniqueIdentifier>
      <Extensions>rc;ico;cur;bmp;dlg;rc2;rct;bin;rgs;gif;jpg;jpeg;jpe;resx;tiff;tif;png;wav;mfcribbon-ms</Extensions>
    </Filter>
    <Filter Include="Source Files\drivers">
      <UniqueIdentifier>{4f49bf3b-3a75-4ba9-9974-d7db8126154f}</UniqueIdentifier>
    </Filter>
    <Filter Include="Source Files\include">
      <UniqueIdentifier>{16cc1289-014d-402e-a051-147d719b6171}</UniqueIdentifier>
    </Filter>
  </ItemGroup>
  <ItemGroup>
    <ClInclude Include="src\bounds.h">
      <Filter>Source Files</Filter>
    </ClInclude>
    <ClInclude Include="src\define.h">
      <Filter>Source Files</Filter>
    </ClInclude>
    <ClInclude Include="src\input.h">
      <Filter>Source Files</Filter>
    </ClInclude>
    <ClInclude Include="src\object.h">
      <Filter>Source Files</Filter>
    </ClInclude>
    <ClInclude Include="src\physics.h">
      <Filter>Source Files</Filter>
    </ClInclude>
    <ClInclude Include="src\player.h">
      <Filter>Source Files</Filter>
    </ClInclude>
    <ClInclude Include="src\render.h">
      <Filter>Source Files</Filter>
    </ClInclude>
    <ClInclude Include="src\scene.h">
      <Filter>Source Files</Filter>
    </ClInclude>
    <ClInclude Include="src\sprite.h">
      <Filter>Source Files</Filter>
    </ClInclude>
    <ClInclude Include="src\vec.h">
      <Filter>Source Files</Filter>
    </ClInclude>
    <ClInclude Include="src\driver\gl_driver.h">
      <Filter>Source Files\drivers</Filter>
    </ClInclude>
  </ItemGroup>
  <ItemGroup>
    <ClCompile Include="src\input.c">
      <Filter>Source Files</Filter>
    </ClCompile>
    <ClCompile Include="src\main.c">
      <Filter>Source Files</Filter>
    </ClCompile>
    <ClCompile Include="src\object.c">
      <Filter>Source Files</Filter>
    </ClCompile>
    <ClCompile Include="src\physics.c">
      <Filter>Source Files</Filter>
    </ClCompile>
    <ClCompile Include="src\player.c">
      <Filter>Source Files</Filter>
    </ClCompile>
    <ClCompile Include="src\render.c">
      <Filter>Source Files</Filter>
    </ClCompile>
    <ClCompile Include="src\scene.c">
      <Filter>Source Files</Filter>
    </ClCompile>
    <ClCompile Include="src\sprite.c">
      <Filter>Source Files</Filter>
    </ClCompile>
    <ClCompile Include="include\glad\glad.c">
      <Filter>Source Files\include</Filter>
    </ClCompile>
    <ClCompile Include="src\driver\gl_driver.c">
      <Filter>Source Files\drivers</Filter>
    </ClCompile>
  </ItemGroup>
</Project>